
Microsoft Visual Studio Solution File, Format Version 12.00
# Visual Studio Version 16
VisualStudioVersion = 16.0.31205.134
MinimumVisualStudioVersion = 10.0.40219.1
Project("{FAE04EC0-301F-11D3-BF4B-00C04F79EFBC}") = "v0429", "v0429\v0429.csproj", "{EEC816FC-E797-445C-A0C6-D499D04A5CF8}"
EndProject
Global
	GlobalSection(SolutionConfigurationPlatforms) = preSolution
		Debug|Any CPU = Debug|Any CPU
		Release|Any CPU = Release|Any CPU
	EndGlobalSection
	GlobalSection(ProjectConfigurationPlatforms) = postSolution
		{EEC816FC-E797-445C-A0C6-D499D04A5CF8}.Debug|Any CPU.ActiveCfg = Debug|Any CPU
		{EEC816FC-E797-445C-A0C6-D499D04A5CF8}.Debug|Any CPU.Build.0 = Debug|Any CPU
		{EEC816FC-E797-445C-A0C6-D499D04A5CF8}.Release|Any CPU.ActiveCfg = Release|Any CPU
		{EEC816FC-E797-445C-A0C6-D499D04A5CF8}.Release|Any CPU.Build.0 = Release|Any CPU
	EndGlobalSection
	GlobalSection(SolutionProperties) = preSolution
		HideSolutionNode = FALSE
	EndGlobalSection
	GlobalSection(ExtensibilityGlobals) = postSolution
		SolutionGuid = {751B99D6-5C09-46CC-B3DB-5A23F9BB245C}
	EndGlobalSection
EndGlobal
