
Microsoft Visual Studio Solution File, Format Version 12.00
# Visual Studio Version 16
VisualStudioVersion = 16.0.30320.27
MinimumVisualStudioVersion = 10.0.40219.1
Project("{FAE04EC0-301F-11D3-BF4B-00C04F79EFBC}") = "cs1207", "cs1207\cs1207.csproj", "{751AACCD-6145-42E9-A645-C38F22E8A0CB}"
EndProject
Global
	GlobalSection(SolutionConfigurationPlatforms) = preSolution
		Debug|Any CPU = Debug|Any CPU
		Release|Any CPU = Release|Any CPU
	EndGlobalSection
	GlobalSection(ProjectConfigurationPlatforms) = postSolution
		{751AACCD-6145-42E9-A645-C38F22E8A0CB}.Debug|Any CPU.ActiveCfg = Debug|Any CPU
		{751AACCD-6145-42E9-A645-C38F22E8A0CB}.Debug|Any CPU.Build.0 = Debug|Any CPU
		{751AACCD-6145-42E9-A645-C38F22E8A0CB}.Release|Any CPU.ActiveCfg = Release|Any CPU
		{751AACCD-6145-42E9-A645-C38F22E8A0CB}.Release|Any CPU.Build.0 = Release|Any CPU
	EndGlobalSection
	GlobalSection(SolutionProperties) = preSolution
		HideSolutionNode = FALSE
	EndGlobalSection
	GlobalSection(ExtensibilityGlobals) = postSolution
		SolutionGuid = {A9A1D4ED-FF6D-4533-92B5-6D66308C3EF0}
	EndGlobalSection
EndGlobal
